{
  "name": "mypackage",
  "version": "1.0.0",
  "lockfileVersion": 1,
  "requires": true,
  "dependencies": {
    "@aspnet/signalr-client": {
      "version": "0.1.0-alpha1-26770",
      "resolved": "https://dotnet.myget.org/F/aspnetcore-ci-dev/npm/@aspnet/signalr-client/-/@aspnet/signalr-client-0.1.0-alpha1-26770.tgz",
      "integrity": "sha1-cB4ir520667/S+d7RmMXLeEcYLE="
    }
  }
}
